
Microsoft Visual Studio Solution File, Format Version 12.00
# Visual Studio Version 17
VisualStudioVersion = 17.5.002.0
MinimumVisualStudioVersion = 10.0.40219.1
Project("{9A19103F-16F7-4668-BE54-9A1E7A4F7556}") = "Teste2", "Teste2\Teste2.csproj", "{099A30FB-3446-4BDF-B974-00F186C71036}"
EndProject
Global
	GlobalSection(SolutionConfigurationPlatforms) = preSolution
		Debug|Any CPU = Debug|Any CPU
		Release|Any CPU = Release|Any CPU
	EndGlobalSection
	GlobalSection(ProjectConfigurationPlatforms) = postSolution
		{099A30FB-3446-4BDF-B974-00F186C71036}.Debug|Any CPU.ActiveCfg = Debug|Any CPU
		{099A30FB-3446-4BDF-B974-00F186C71036}.Debug|Any CPU.Build.0 = Debug|Any CPU
		{099A30FB-3446-4BDF-B974-00F186C71036}.Release|Any CPU.ActiveCfg = Release|Any CPU
		{099A30FB-3446-4BDF-B974-00F186C71036}.Release|Any CPU.Build.0 = Release|Any CPU
	EndGlobalSection
	GlobalSection(SolutionProperties) = preSolution
		HideSolutionNode = FALSE
	EndGlobalSection
	GlobalSection(ExtensibilityGlobals) = postSolution
		SolutionGuid = {506620F8-7F29-4C8E-940C-98E3584B19F1}
	EndGlobalSection
EndGlobal
